# This file is automatically @generated by Cargo.
# It is not intended for manual editing.
version = 3

[[package]]
name = "ir"
version = "0.1.0"
dependencies = [
 "number",
]

[[package]]
name = "number"
version = "0.1.0"

[[package]]
name = "parse"
version = "0.1.0"
dependencies = [
 "ir",
 "number",
 "util",
]

[[package]]
name = "term_math"
version = "0.1.0"
dependencies = [
 "parse",
]

[[package]]
name = "util"
version = "0.1.0"
dependencies = [
 "ir",
]
