# This file is automatically @generated by Cargo.
# It is not intended for manual editing.
version = 3

[[package]]
name = "ir"
version = "0.1.0"
dependencies = [
 "number",
]

[[package]]
name = "lexer"
version = "0.1.0"
dependencies = [
 "ir",
]

[[package]]
name = "number"
version = "0.1.0"

[[package]]
name = "term_math"
version = "0.1.0"
dependencies = [
 "ir",
 "lexer",
]
